
Microsoft Visual Studio Solution File, Format Version 12.00
# Visual Studio Version 17
VisualStudioVersion = 17.4.33122.133
MinimumVisualStudioVersion = 10.0.40219.1
Project("{9A19103F-16F7-4668-BE54-9A1E7A4F7556}") = "AbyssUploaderBackend", "AbyssUploaderBackend.csproj", "{DAD4DAA0-B940-426F-8E24-AC1AC0F6A157}"
EndProject
Global
	GlobalSection(SolutionConfigurationPlatforms) = preSolution
		Debug|x64 = Debug|x64
		Debug|x86 = Debug|x86
		Release|x64 = Release|x64
		Release|x86 = Release|x86
	EndGlobalSection
	GlobalSection(ProjectConfigurationPlatforms) = postSolution
		{DAD4DAA0-B940-426F-8E24-AC1AC0F6A157}.Debug|x64.ActiveCfg = Debug|x64
		{DAD4DAA0-B940-426F-8E24-AC1AC0F6A157}.Debug|x64.Build.0 = Debug|x64
		{DAD4DAA0-B940-426F-8E24-AC1AC0F6A157}.Debug|x86.ActiveCfg = Debug|x86
		{DAD4DAA0-B940-426F-8E24-AC1AC0F6A157}.Debug|x86.Build.0 = Debug|x86
		{DAD4DAA0-B940-426F-8E24-AC1AC0F6A157}.Release|x64.ActiveCfg = Release|x64
		{DAD4DAA0-B940-426F-8E24-AC1AC0F6A157}.Release|x64.Build.0 = Release|x64
		{DAD4DAA0-B940-426F-8E24-AC1AC0F6A157}.Release|x86.ActiveCfg = Release|x86
		{DAD4DAA0-B940-426F-8E24-AC1AC0F6A157}.Release|x86.Build.0 = Release|x86
	EndGlobalSection
	GlobalSection(SolutionProperties) = preSolution
		HideSolutionNode = FALSE
	EndGlobalSection
	GlobalSection(ExtensibilityGlobals) = postSolution
		SolutionGuid = {1DEAD12E-24DE-45E0-B821-9E3DEC8BA3FB}
	EndGlobalSection
EndGlobal
